# This file is automatically @generated by Cargo.
# It is not intended for manual editing.
version = 3

[[package]]
name = "atest"
version = "0.1.0"
dependencies = [
 "libfelix",
]

[[package]]
name = "btest"
version = "0.1.0"
dependencies = [
 "libfelix",
]

[[package]]
name = "ctest"
version = "0.1.0"
dependencies = [
 "libfelix",
]

[[package]]
name = "felix-boot"
version = "0.4.0"

[[package]]
name = "felix-bootloader"
version = "0.4.0"

[[package]]
name = "felix-kernel"
version = "0.4.0"

[[package]]
name = "hello"
version = "0.1.0"
dependencies = [
 "libfelix",
 "libm",
]

[[package]]
name = "libfelix"
version = "0.1.0"

[[package]]
name = "libm"
version = "0.2.16"
source = "registry+https://github.com/rust-lang/crates.io-index"
checksum = "b6d2cec3eae94f9f509c767b45932f1ada8350c4bdb85af2fcab4a3c14807981"
